# THIS IS AN AUTOGENERATED FILE. DO NOT EDIT THIS FILE DIRECTLY.
# yarn lockfile v1


"@module-federation/runtime-tools@0.2.3":
  version "0.2.3"
  resolved "https://registry.yarnpkg.com/@module-federation/runtime-tools/-/runtime-tools-0.2.3.tgz#2701b6fbcea322b4c5523fca1456f0cae8df73cd"
  integrity sha512-capN8CVTCEqNAjnl102girrkevczoQfnQYyiYC4WuyKsg7+LUqfirIe1Eiyv6VSE2UgvOTZDnqvervA6rBOlmg==
  dependencies:
    "@module-federation/runtime" "0.2.3"
    "@module-federation/webpack-bundler-runtime" "0.2.3"

"@module-federation/runtime@0.2.3":
  version "0.2.3"
  resolved "https://registry.yarnpkg.com/@module-federation/runtime/-/runtime-0.2.3.tgz#4ff46fe6de986aa9843a8e631b68a8e8dd416c0d"
  integrity sha512-N+ZxBUb1mkmfO9XT1BwgYQgShtUTlijHbukqQ4afFka5lRAT+ayC7RKfHJLz0HbuexKPCmPBDfdmCnErR5WyTQ==
  dependencies:
    "@module-federation/sdk" "0.2.3"

"@module-federation/sdk@0.2.3":
  version "0.2.3"
  resolved "https://registry.yarnpkg.com/@module-federation/sdk/-/sdk-0.2.3.tgz#b640830b299d2b9d27b48bced10d7126c15c1719"
  integrity sha512-W9zrPchLocyCBc/B8CW21akcfJXLl++9xBe1L1EtgxZGfj/xwHt0GcBWE/y+QGvYTL2a1iZjwscbftbUhxgxXg==

"@module-federation/webpack-bundler-runtime@0.2.3":
  version "0.2.3"
  resolved "https://registry.yarnpkg.com/@module-federation/webpack-bundler-runtime/-/webpack-bundler-runtime-0.2.3.tgz#5d03070ede8c63d76c62043db17651f398bfb1ab"
  integrity sha512-L/jt2uJ+8dwYiyn9GxryzDR6tr/Wk8rpgvelM2EBeLIhu7YxCHSmSjQYhw3BTux9zZIr47d1K9fGjBFsVRd/SQ==
  dependencies:
    "@module-federation/runtime" "0.2.3"
    "@module-federation/sdk" "0.2.3"

"@rsbuild/core@1.0.1-beta.11":
  version "1.0.1-beta.11"
  resolved "https://registry.yarnpkg.com/@rsbuild/core/-/core-1.0.1-beta.11.tgz#35e0db83eea65f1d76a7b48271b41d5d0e5ba5c0"
  integrity sha512-z0/cYT5R2IQmPxonmoVwlSpaN/NuyoJi+XhHLbLHP1kCsyBNKUdUelCUOOOZYJqG1w2tAhvY2rox8Chxyh96Gg==
  dependencies:
    "@rspack/core" "1.0.0-beta.3"
    "@rspack/lite-tapable" "1.0.0-beta.3"
    "@swc/helpers" "0.5.11"
    caniuse-lite "^1.0.30001647"
    core-js "~3.37.1"
  optionalDependencies:
    fsevents "~2.3.3"

"@rspack/binding-darwin-arm64@1.0.0-beta.3":
  version "1.0.0-beta.3"
  resolved "https://registry.yarnpkg.com/@rspack/binding-darwin-arm64/-/binding-darwin-arm64-1.0.0-beta.3.tgz#ab704081a1bf705ffdb1d69e9be90939cbe3f54f"
  integrity sha512-v+2TFNWttB0ZqEkYP2pf3qpm7O8bJiVcl9Ym90lL+uMfYNRzzrGd57tu7NBp/6nhE3T3emxiFvaeVDpqIqykZQ==

"@rspack/binding-darwin-x64@1.0.0-beta.3":
  version "1.0.0-beta.3"
  resolved "https://registry.yarnpkg.com/@rspack/binding-darwin-x64/-/binding-darwin-x64-1.0.0-beta.3.tgz#f634f4072dd5b43acdf1a527ea7d01d35bc61c6f"
  integrity sha512-OM4jqlt23j2W9gxAqwrjf86TLnJ6u6lNeli/haJmfjaj8maHYY7LkEo7imK3MqfGXCFExQbsY367O+epZQ2pcQ==

"@rspack/binding-linux-arm64-gnu@1.0.0-beta.3":
  version "1.0.0-beta.3"
  resolved "https://registry.yarnpkg.com/@rspack/binding-linux-arm64-gnu/-/binding-linux-arm64-gnu-1.0.0-beta.3.tgz#a468eb9d7ea37978e87062f464b169c799aeec91"
  integrity sha512-NV3i1mIBSEN5nmf83TvX0M3jb6CzAPdaydFytQ6p8WP6UWZnJIJ19HEqZiab+R4kYhs7I27wbWJuJGpADTEKvQ==

"@rspack/binding-linux-arm64-musl@1.0.0-beta.3":
  version "1.0.0-beta.3"
  resolved "https://registry.yarnpkg.com/@rspack/binding-linux-arm64-musl/-/binding-linux-arm64-musl-1.0.0-beta.3.tgz#face56d669b3c75830fb80da079655dc1d47bf31"
  integrity sha512-rusWEqc+niYk6LD9y+2lFtT4x/3T5PKUk2dYuRTRUGIl01BhOFoqnavLq40mQMgrXZCD4htUjSM5C1pjD0FkFw==

"@rspack/binding-linux-x64-gnu@1.0.0-beta.3":
  version "1.0.0-beta.3"
  resolved "https://registry.yarnpkg.com/@rspack/binding-linux-x64-gnu/-/binding-linux-x64-gnu-1.0.0-beta.3.tgz#a792534e605e26a2b288ed1283d9581809b8ce24"
  integrity sha512-vVP3bgOictg5glmByVSML5sIxiJAMZ46h2kSWdIHv1eb/zg9Jw48mNiymtOXjNgkBenvYiERgAaOlBqAX+ySMw==

"@rspack/binding-linux-x64-musl@1.0.0-beta.3":
  version "1.0.0-beta.3"
  resolved "https://registry.yarnpkg.com/@rspack/binding-linux-x64-musl/-/binding-linux-x64-musl-1.0.0-beta.3.tgz#8c1e4fea22a3ec968e3045278d85846a5a65ca18"
  integrity sha512-al7Rwikv0wQLNrWoyymUqZdWwRUjyyovUFzlSh8A1pR84UTPyeRdXmmO6+F8b5KBvK7QkFBnb3eeALMGvQw9Qw==

"@rspack/binding-win32-arm64-msvc@1.0.0-beta.3":
  version "1.0.0-beta.3"
  resolved "https://registry.yarnpkg.com/@rspack/binding-win32-arm64-msvc/-/binding-win32-arm64-msvc-1.0.0-beta.3.tgz#fd34facfd974bfb5756a37e732ba1f79c675f152"
  integrity sha512-GtxVR+HgSRyD2ybQ+Pk0rXcv9t1ndU/FWrYV7A2jY47dndwa/BNXLclRdyWBfmA1cBZVM8MfLUAVmSKz8hg8Aw==

"@rspack/binding-win32-ia32-msvc@1.0.0-beta.3":
  version "1.0.0-beta.3"
  resolved "https://registry.yarnpkg.com/@rspack/binding-win32-ia32-msvc/-/binding-win32-ia32-msvc-1.0.0-beta.3.tgz#e033ecb989682de7559ca1de4de1793c387479d2"
  integrity sha512-4ccqbsPfNFXQ1BkN40Z2SuNfun1XvfdsbjG87NwjAWPEKH1I9lTZg7IeLIHdm+WvGwNSdg9xk8tu/ZA9aeLANA==

"@rspack/binding-win32-x64-msvc@1.0.0-beta.3":
  version "1.0.0-beta.3"
  resolved "https://registry.yarnpkg.com/@rspack/binding-win32-x64-msvc/-/binding-win32-x64-msvc-1.0.0-beta.3.tgz#3564a143c1d2ef66bd2e4691793ff2f1dafe6956"
  integrity sha512-QL0c+lP7gz6gR5lo8bhrx1VsvlgE3wkOReu96k5cscf9I349L+xeRMr7L5EsfcFyiK2mG8RjvlhLWIz9CFZ3IQ==

"@rspack/binding@1.0.0-beta.3":
  version "1.0.0-beta.3"
  resolved "https://registry.yarnpkg.com/@rspack/binding/-/binding-1.0.0-beta.3.tgz#470c0f4d51aa9ccdbef344f624821b8c8374c656"
  integrity sha512-TJA2vC5UdNKVhogU9O1pwFGCD90dYtRXWRRXqI+fYgXdlOqqXYAjzON/CIuF9ZHUCL29TNKPQKMTNTpK3Q+exA==
  optionalDependencies:
    "@rspack/binding-darwin-arm64" "1.0.0-beta.3"
    "@rspack/binding-darwin-x64" "1.0.0-beta.3"
    "@rspack/binding-linux-arm64-gnu" "1.0.0-beta.3"
    "@rspack/binding-linux-arm64-musl" "1.0.0-beta.3"
    "@rspack/binding-linux-x64-gnu" "1.0.0-beta.3"
    "@rspack/binding-linux-x64-musl" "1.0.0-beta.3"
    "@rspack/binding-win32-arm64-msvc" "1.0.0-beta.3"
    "@rspack/binding-win32-ia32-msvc" "1.0.0-beta.3"
    "@rspack/binding-win32-x64-msvc" "1.0.0-beta.3"

"@rspack/core@1.0.0-beta.3":
  version "1.0.0-beta.3"
  resolved "https://registry.yarnpkg.com/@rspack/core/-/core-1.0.0-beta.3.tgz#90ebc952a2afe86d034816ef3b2c8f319f97429b"
  integrity sha512-BOI3UHuWV2kjRJjvuMLIhwY86NpDS3CTePR/+PmEfRkrGy/BZd4Z+Sp8H0nw0RWUq9JU7nrwdGF+zj4aQCC2Jg==
  dependencies:
    "@module-federation/runtime-tools" "0.2.3"
    "@rspack/binding" "1.0.0-beta.3"
    "@rspack/lite-tapable" "1.0.0-beta.3"
    caniuse-lite "^1.0.30001616"

"@rspack/lite-tapable@1.0.0-beta.3":
  version "1.0.0-beta.3"
  resolved "https://registry.yarnpkg.com/@rspack/lite-tapable/-/lite-tapable-1.0.0-beta.3.tgz#2774cb61d50a1ee9c784aa5b6a4895d2352f6157"
  integrity sha512-K/OwOFX4SsILeSAJtmVCoBZUPaXLNFGeIXerK0SY09in8+0i21c+luZAhjlD0mH9+cD2A/zBGL+GIEPKkW6IwQ==

"@swc/helpers@0.5.11":
  version "0.5.11"
  resolved "https://registry.yarnpkg.com/@swc/helpers/-/helpers-0.5.11.tgz#5bab8c660a6e23c13b2d23fcd1ee44a2db1b0cb7"
  integrity sha512-YNlnKRWF2sVojTpIyzwou9XoTNbzbzONwRhOoniEioF1AtaitTvVZblaQRrAzChWQ1bLYyYSWzM18y4WwgzJ+A==
  dependencies:
    tslib "^2.4.0"

"@types/node@^22.2.0":
  version "22.2.0"
  resolved "https://registry.yarnpkg.com/@types/node/-/node-22.2.0.tgz#7cf046a99f0ba4d628ad3088cb21f790df9b0c5b"
  integrity sha512-bm6EG6/pCpkxDf/0gDNDdtDILMOHgaQBVOJGdwsqClnxA3xL6jtMv76rLBc006RVMWbmaf0xbmom4Z/5o2nRkQ==
  dependencies:
    undici-types "~6.13.0"

caniuse-lite@^1.0.30001616, caniuse-lite@^1.0.30001647:
  version "1.0.30001651"
  resolved "https://registry.yarnpkg.com/caniuse-lite/-/caniuse-lite-1.0.30001651.tgz#52de59529e8b02b1aedcaaf5c05d9e23c0c28138"
  integrity sha512-9Cf+Xv1jJNe1xPZLGuUXLNkE1BoDkqRqYyFJ9TDYSqhduqA4hu4oR9HluGoWYQC/aj8WHjsGVV+bwkh0+tegRg==

core-js@~3.37.1:
  version "3.37.1"
  resolved "https://registry.yarnpkg.com/core-js/-/core-js-3.37.1.tgz#d21751ddb756518ac5a00e4d66499df981a62db9"
  integrity sha512-Xn6qmxrQZyB0FFY8E3bgRXei3lWDJHhvI+u0q9TKIYM49G8pAr0FgnnrFRAmsbptZL1yxRADVXn+x5AGsbBfyw==

fsevents@~2.3.3:
  version "2.3.3"
  resolved "https://registry.yarnpkg.com/fsevents/-/fsevents-2.3.3.tgz#cac6407785d03675a2a5e1a5305c697b347d90d6"
  integrity sha512-5xoDfX+fL7faATnagmWPpbFtwh/R77WmMMqqHGS65C3vvB0YHrgF+B1YmZ3441tMj5n63k0212XNoJwzlhffQw==

tslib@^2.4.0:
  version "2.6.3"
  resolved "https://registry.yarnpkg.com/tslib/-/tslib-2.6.3.tgz#0438f810ad7a9edcde7a241c3d80db693c8cbfe0"
  integrity sha512-xNvxJEOUiWPGhUuUdQgAJPKOOJfGnIyKySOc09XkKsgdUV/3E2zvwZYdejjmRgPCgcym1juLH3226yA7sEFJKQ==

typescript@^5.5.2:
  version "5.5.4"
  resolved "https://registry.yarnpkg.com/typescript/-/typescript-5.5.4.tgz#d9852d6c82bad2d2eda4fd74a5762a8f5909e9ba"
  integrity sha512-Mtq29sKDAEYP7aljRgtPOpTvOfbwRWlS6dPRzwjdE+C0R4brX/GUyhHSecbHMFLNBLcJIPt9nl9yG5TZ1weH+Q==

undici-types@~6.13.0:
  version "6.13.0"
  resolved "https://registry.yarnpkg.com/undici-types/-/undici-types-6.13.0.tgz#e3e79220ab8c81ed1496b5812471afd7cf075ea5"
  integrity sha512-xtFJHudx8S2DSoujjMd1WeWvn7KKWFRESZTMeL1RptAYERu29D6jphMjjY+vn96jvN3kVPDNxU/E13VTaXj6jg==
